
Microsoft Visual Studio Solution File, Format Version 12.00
Project("{FAE04EC0-301F-11D3-BF4B-00C04F79EFBC}") = "GeometricFigures", "GeometricFigures\GeometricFigures.csproj", "{F574BE22-85BE-4BDF-8AA3-B87A9E196C8C}"
EndProject
Project("{FAE04EC0-301F-11D3-BF4B-00C04F79EFBC}") = "GeometricFigures.Tests", "GeometricFigures.Tests\GeometricFigures.Tests.csproj", "{28DE45FD-0E55-476D-8019-9F16ED52EED9}"
EndProject
Global
	GlobalSection(SolutionConfigurationPlatforms) = preSolution
		Debug|Any CPU = Debug|Any CPU
		Release|Any CPU = Release|Any CPU
	EndGlobalSection
	GlobalSection(ProjectConfigurationPlatforms) = postSolution
		{F574BE22-85BE-4BDF-8AA3-B87A9E196C8C}.Debug|Any CPU.ActiveCfg = Debug|Any CPU
		{F574BE22-85BE-4BDF-8AA3-B87A9E196C8C}.Debug|Any CPU.Build.0 = Debug|Any CPU
		{F574BE22-85BE-4BDF-8AA3-B87A9E196C8C}.Release|Any CPU.ActiveCfg = Release|Any CPU
		{F574BE22-85BE-4BDF-8AA3-B87A9E196C8C}.Release|Any CPU.Build.0 = Release|Any CPU
		{28DE45FD-0E55-476D-8019-9F16ED52EED9}.Debug|Any CPU.ActiveCfg = Debug|Any CPU
		{28DE45FD-0E55-476D-8019-9F16ED52EED9}.Debug|Any CPU.Build.0 = Debug|Any CPU
		{28DE45FD-0E55-476D-8019-9F16ED52EED9}.Release|Any CPU.ActiveCfg = Release|Any CPU
		{28DE45FD-0E55-476D-8019-9F16ED52EED9}.Release|Any CPU.Build.0 = Release|Any CPU
	EndGlobalSection
EndGlobal
